// !$*UTF8*$!
{
	archiveVersion = 1;
	classes = {
	};
	objectVersion = 55;
	objects = {

/* Begin PBXBuildFile section */
		9A3A1C07296D3BF100AC2846 /* VerticalStackView.m in Sources */ = {isa = PBXBuildFile; fileRef = 9A3A1C06296D3BF100AC2846 /* VerticalStackView.m */; };
		9A3A1C14296D5A2200AC2846 /* SearchResultModel.m in Sources */ = {isa = PBXBuildFile; fileRef = 9A3A1C13296D5A2200AC2846 /* SearchResultModel.m */; };
		9A88C4BB29ADCF3D00211787 /* AppDetails.m in Sources */ = {isa = PBXBuildFile; fileRef = 9A88C4BA29ADCF3D00211787 /* AppDetails.m */; };
		9A9005CD296BF7AF00F63C91 /* AppsVC.m in Sources */ = {isa = PBXBuildFile; fileRef = 9A9005CC296BF7AF00F63C91 /* AppsVC.m */; };
		9A9005D3296C004900F63C91 /* TodayVC.m in Sources */ = {isa = PBXBuildFile; fileRef = 9A9005D2296C004900F63C91 /* TodayVC.m */; };
		9A9005D6296C09AC00F63C91 /* TodayView.m in Sources */ = {isa = PBXBuildFile; fileRef = 9A9005D5296C09AC00F63C91 /* TodayView.m */; };
		9A9005D9296C167700F63C91 /* SearchVC.m in Sources */ = {isa = PBXBuildFile; fileRef = 9A9005D8296C167700F63C91 /* SearchVC.m */; };
		9A9005DC296C16C000F63C91 /* SearchResultView.m in Sources */ = {isa = PBXBuildFile; fileRef = 9A9005DB296C16C000F63C91 /* SearchResultView.m */; };
		9AB859F32968388E006073A4 /* AppDelegate.m in Sources */ = {isa = PBXBuildFile; fileRef = 9AB859F22968388E006073A4 /* AppDelegate.m */; };
		9AB859F62968388E006073A4 /* SceneDelegate.m in Sources */ = {isa = PBXBuildFile; fileRef = 9AB859F52968388E006073A4 /* SceneDelegate.m */; };
		9AB859F92968388E006073A4 /* ViewController.m in Sources */ = {isa = PBXBuildFile; fileRef = 9AB859F82968388E006073A4 /* ViewController.m */; };
		9AB859FC2968388E006073A4 /* Main.storyboard in Resources */ = {isa = PBXBuildFile; fileRef = 9AB859FA2968388E006073A4 /* Main.storyboard */; };
		9AB859FE2968388F006073A4 /* Assets.xcassets in Resources */ = {isa = PBXBuildFile; fileRef = 9AB859FD2968388F006073A4 /* Assets.xcassets */; };
		9AB85A012968388F006073A4 /* LaunchScreen.storyboard in Resources */ = {isa = PBXBuildFile; fileRef = 9AB859FF2968388F006073A4 /* LaunchScreen.storyboard */; };
		9AB85A042968388F006073A4 /* main.m in Sources */ = {isa = PBXBuildFile; fileRef = 9AB85A032968388F006073A4 /* main.m */; };
/* End PBXBuildFile section */

/* Begin PBXFileReference section */
		9A3A1C05296D3BF100AC2846 /* VerticalStackView.h */ = {isa = PBXFileReference; lastKnownFileType = sourcecode.c.h; path = VerticalStackView.h; sourceTree = "<group>"; };
		9A3A1C06296D3BF100AC2846 /* VerticalStackView.m */ = {isa = PBXFileReference; lastKnownFileType = sourcecode.c.objc; path = VerticalStackView.m; sourceTree = "<group>"; };
		9A3A1C12296D5A2200AC2846 /* SearchResultModel.h */ = {isa = PBXFileReference; lastKnownFileType = sourcecode.c.h; path = SearchResultModel.h; sourceTree = "<group>"; };
		9A3A1C13296D5A2200AC2846 /* SearchResultModel.m */ = {isa = PBXFileReference; lastKnownFileType = sourcecode.c.objc; path = SearchResultModel.m; sourceTree = "<group>"; };
		9A88C4B929ADCF3D00211787 /* AppDetails.h */ = {isa = PBXFileReference; lastKnownFileType = sourcecode.c.h; path = AppDetails.h; sourceTree = "<group>"; };
		9A88C4BA29ADCF3D00211787 /* AppDetails.m */ = {isa = PBXFileReference; lastKnownFileType = sourcecode.c.objc; path = AppDetails.m; sourceTree = "<group>"; };
		9A9005CB296BF7AF00F63C91 /* AppsVC.h */ = {isa = PBXFileReference; lastKnownFileType = sourcecode.c.h; path = AppsVC.h; sourceTree = "<group>"; };
		9A9005CC296BF7AF00F63C91 /* AppsVC.m */ = {isa = PBXFileReference; lastKnownFileType = sourcecode.c.objc; path = AppsVC.m; sourceTree = "<group>"; };
		9A9005D1296C004900F63C91 /* TodayVC.h */ = {isa = PBXFileReference; lastKnownFileType = sourcecode.c.h; path = TodayVC.h; sourceTree = "<group>"; };
		9A9005D2296C004900F63C91 /* TodayVC.m */ = {isa = PBXFileReference; lastKnownFileType = sourcecode.c.objc; path = TodayVC.m; sourceTree = "<group>"; };
		9A9005D4296C09AC00F63C91 /* TodayView.h */ = {isa = PBXFileReference; lastKnownFileType = sourcecode.c.h; path = TodayView.h; sourceTree = "<group>"; };
		9A9005D5296C09AC00F63C91 /* TodayView.m */ = {isa = PBXFileReference; lastKnownFileType = sourcecode.c.objc; path = TodayView.m; sourceTree = "<group>"; };
		9A9005D7296C167700F63C91 /* SearchVC.h */ = {isa = PBXFileReference; lastKnownFileType = sourcecode.c.h; path = SearchVC.h; sourceTree = "<group>"; };
		9A9005D8296C167700F63C91 /* SearchVC.m */ = {isa = PBXFileReference; lastKnownFileType = sourcecode.c.objc; path = SearchVC.m; sourceTree = "<group>"; };
		9A9005DA296C16C000F63C91 /* SearchResultView.h */ = {isa = PBXFileReference; lastKnownFileType = sourcecode.c.h; path = SearchResultView.h; sourceTree = "<group>"; };
		9A9005DB296C16C000F63C91 /* SearchResultView.m */ = {isa = PBXFileReference; lastKnownFileType = sourcecode.c.objc; path = SearchResultView.m; sourceTree = "<group>"; };
		9AB859EE2968388E006073A4 /* nav + tab.app */ = {isa = PBXFileReference; explicitFileType = wrapper.application; includeInIndex = 0; path = "nav + tab.app"; sourceTree = BUILT_PRODUCTS_DIR; };
		9AB859F12968388E006073A4 /* AppDelegate.h */ = {isa = PBXFileReference; lastKnownFileType = sourcecode.c.h; path = AppDelegate.h; sourceTree = "<group>"; };
		9AB859F22968388E006073A4 /* AppDelegate.m */ = {isa = PBXFileReference; lastKnownFileType = sourcecode.c.objc; path = AppDelegate.m; sourceTree = "<group>"; };
		9AB859F42968388E006073A4 /* SceneDelegate.h */ = {isa = PBXFileReference; lastKnownFileType = sourcecode.c.h; path = SceneDelegate.h; sourceTree = "<group>"; };
		9AB859F52968388E006073A4 /* SceneDelegate.m */ = {isa = PBXFileReference; lastKnownFileType = sourcecode.c.objc; path = SceneDelegate.m; sourceTree = "<group>"; };
		9AB859F72968388E006073A4 /* ViewController.h */ = {isa = PBXFileReference; lastKnownFileType = sourcecode.c.h; path = ViewController.h; sourceTree = "<group>"; };
		9AB859F82968388E006073A4 /* ViewController.m */ = {isa = PBXFileReference; lastKnownFileType = sourcecode.c.objc; path = ViewController.m; sourceTree = "<group>"; };
		9AB859FB2968388E006073A4 /* Base */ = {isa = PBXFileReference; lastKnownFileType = file.storyboard; name = Base; path = Base.lproj/Main.storyboard; sourceTree = "<group>"; };
		9AB859FD2968388F006073A4 /* Assets.xcassets */ = {isa = PBXFileReference; lastKnownFileType = folder.assetcatalog; path = Assets.xcassets; sourceTree = "<group>"; };
		9AB85A002968388F006073A4 /* Base */ = {isa = PBXFileReference; lastKnownFileType = file.storyboard; name = Base; path = Base.lproj/LaunchScreen.storyboard; sourceTree = "<group>"; };
		9AB85A022968388F006073A4 /* Info.plist */ = {isa = PBXFileReference; lastKnownFileType = text.plist.xml; path = Info.plist; sourceTree = "<group>"; };
		9AB85A032968388F006073A4 /* main.m */ = {isa = PBXFileReference; lastKnownFileType = sourcecode.c.objc; path = main.m; sourceTree = "<group>"; };
/* End PBXFileReference section */

/* Begin PBXFrameworksBuildPhase section */
		9AB859EB2968388E006073A4 /* Frameworks */ = {
			isa = PBXFrameworksBuildPhase;
			buildActionMask = 2147483647;
			files = (
			);
			runOnlyForDeploymentPostprocessing = 0;
		};
/* End PBXFrameworksBuildPhase section */

/* Begin PBXGroup section */
		9A3A1C08296D3C4300AC2846 /* Controller */ = {
			isa = PBXGroup;
			children = (
				9AB859F72968388E006073A4 /* ViewController.h */,
				9AB859F82968388E006073A4 /* ViewController.m */,
				9A9005CB296BF7AF00F63C91 /* AppsVC.h */,
				9A9005CC296BF7AF00F63C91 /* AppsVC.m */,
				9A9005D1296C004900F63C91 /* TodayVC.h */,
				9A9005D2296C004900F63C91 /* TodayVC.m */,
				9A9005D7296C167700F63C91 /* SearchVC.h */,
				9A9005D8296C167700F63C91 /* SearchVC.m */,
			);
			path = Controller;
			sourceTree = "<group>";
		};
		9A3A1C09296D3C6A00AC2846 /* View */ = {
			isa = PBXGroup;
			children = (
				9A9005D4296C09AC00F63C91 /* TodayView.h */,
				9A9005D5296C09AC00F63C91 /* TodayView.m */,
				9A9005DA296C16C000F63C91 /* SearchResultView.h */,
				9A9005DB296C16C000F63C91 /* SearchResultView.m */,
			);
			path = View;
			sourceTree = "<group>";
		};
		9A3A1C0A296D3C7B00AC2846 /* Supporting Files */ = {
			isa = PBXGroup;
			children = (
				9AB859F12968388E006073A4 /* AppDelegate.h */,
				9AB859F22968388E006073A4 /* AppDelegate.m */,
				9AB859F42968388E006073A4 /* SceneDelegate.h */,
				9AB859F52968388E006073A4 /* SceneDelegate.m */,
			);
			path = "Supporting Files";
			sourceTree = "<group>";
		};
		9A3A1C0B296D3C8D00AC2846 /* Reusable */ = {
			isa = PBXGroup;
			children = (
				9A3A1C05296D3BF100AC2846 /* VerticalStackView.h */,
				9A3A1C06296D3BF100AC2846 /* VerticalStackView.m */,
			);
			path = Reusable;
			sourceTree = "<group>";
		};
		9A3A1C15296D5A2600AC2846 /* Model */ = {
			isa = PBXGroup;
			children = (
				9A88C4B929ADCF3D00211787 /* AppDetails.h */,
				9A88C4BA29ADCF3D00211787 /* AppDetails.m */,
				9A3A1C12296D5A2200AC2846 /* SearchResultModel.h */,
				9A3A1C13296D5A2200AC2846 /* SearchResultModel.m */,
			);
			path = Model;
			sourceTree = "<group>";
		};
		9AB859E52968388E006073A4 = {
			isa = PBXGroup;
			children = (
				9AB859F02968388E006073A4 /* nav + tab */,
				9AB859EF2968388E006073A4 /* Products */,
			);
			sourceTree = "<group>";
		};
		9AB859EF2968388E006073A4 /* Products */ = {
			isa = PBXGroup;
			children = (
				9AB859EE2968388E006073A4 /* nav + tab.app */,
			);
			name = Products;
			sourceTree = "<group>";
		};
		9AB859F02968388E006073A4 /* nav + tab */ = {
			isa = PBXGroup;
			children = (
				9A3A1C0A296D3C7B00AC2846 /* Supporting Files */,
				9A3A1C08296D3C4300AC2846 /* Controller */,
				9A3A1C09296D3C6A00AC2846 /* View */,
				9A3A1C15296D5A2600AC2846 /* Model */,
				9A3A1C0B296D3C8D00AC2846 /* Reusable */,
				9AB859FA2968388E006073A4 /* Main.storyboard */,
				9AB859FD2968388F006073A4 /* Assets.xcassets */,
				9AB859FF2968388F006073A4 /* LaunchScreen.storyboard */,
				9AB85A022968388F006073A4 /* Info.plist */,
				9AB85A032968388F006073A4 /* main.m */,
			);
			path = "nav + tab";
			sourceTree = "<group>";
		};
/* End PBXGroup section */

/* Begin PBXNativeTarget section */
		9AB859ED2968388E006073A4 /* nav + tab */ = {
			isa = PBXNativeTarget;
			buildConfigurationList = 9AB85A072968388F006073A4 /* Build configuration list for PBXNativeTarget "nav + tab" */;
			buildPhases = (
				9AB859EA2968388E006073A4 /* Sources */,
				9AB859EB2968388E006073A4 /* Frameworks */,
				9AB859EC2968388E006073A4 /* Resources */,
			);
			buildRules = (
			);
			dependencies = (
			);
			name = "nav + tab";
			productName = "nav + tab";
			productReference = 9AB859EE2968388E006073A4 /* nav + tab.app */;
			productType = "com.apple.product-type.application";
		};
/* End PBXNativeTarget section */

/* Begin PBXProject section */
		9AB859E62968388E006073A4 /* Project object */ = {
			isa = PBXProject;
			attributes = {
				BuildIndependentTargetsInParallel = 1;
				LastUpgradeCheck = 1300;
				TargetAttributes = {
					9AB859ED2968388E006073A4 = {
						CreatedOnToolsVersion = 13.0;
					};
				};
			};
			buildConfigurationList = 9AB859E92968388E006073A4 /* Build configuration list for PBXProject "nav + tab" */;
			compatibilityVersion = "Xcode 13.0";
			developmentRegion = en;
			hasScannedForEncodings = 0;
			knownRegions = (
				en,
				Base,
			);
			mainGroup = 9AB859E52968388E006073A4;
			productRefGroup = 9AB859EF2968388E006073A4 /* Products */;
			projectDirPath = "";
			projectRoot = "";
			targets = (
				9AB859ED2968388E006073A4 /* nav + tab */,
			);
		};
/* End PBXProject section */

/* Begin PBXResourcesBuildPhase section */
		9AB859EC2968388E006073A4 /* Resources */ = {
			isa = PBXResourcesBuildPhase;
			buildActionMask = 2147483647;
			files = (
				9AB85A012968388F006073A4 /* LaunchScreen.storyboard in Resources */,
				9AB859FE2968388F006073A4 /* Assets.xcassets in Resources */,
				9AB859FC2968388E006073A4 /* Main.storyboard in Resources */,
			);
			runOnlyForDeploymentPostprocessing = 0;
		};
/* End PBXResourcesBuildPhase section */

/* Begin PBXSourcesBuildPhase section */
		9AB859EA2968388E006073A4 /* Sources */ = {
			isa = PBXSourcesBuildPhase;
			buildActionMask = 2147483647;
			files = (
				9A9005DC296C16C000F63C91 /* SearchResultView.m in Sources */,
				9A9005D6296C09AC00F63C91 /* TodayView.m in Sources */,
				9A9005D3296C004900F63C91 /* TodayVC.m in Sources */,
				9A9005CD296BF7AF00F63C91 /* AppsVC.m in Sources */,
				9AB859F92968388E006073A4 /* ViewController.m in Sources */,
				9A3A1C07296D3BF100AC2846 /* VerticalStackView.m in Sources */,
				9A9005D9296C167700F63C91 /* SearchVC.m in Sources */,
				9AB859F32968388E006073A4 /* AppDelegate.m in Sources */,
				9AB85A042968388F006073A4 /* main.m in Sources */,
				9AB859F62968388E006073A4 /* SceneDelegate.m in Sources */,
				9A88C4BB29ADCF3D00211787 /* AppDetails.m in Sources */,
				9A3A1C14296D5A2200AC2846 /* SearchResultModel.m in Sources */,
			);
			runOnlyForDeploymentPostprocessing = 0;
		};
/* End PBXSourcesBuildPhase section */

/* Begin PBXVariantGroup section */
		9AB859FA2968388E006073A4 /* Main.storyboard */ = {
			isa = PBXVariantGroup;
			children = (
				9AB859FB2968388E006073A4 /* Base */,
			);
			name = Main.storyboard;
			sourceTree = "<group>";
		};
		9AB859FF2968388F006073A4 /* LaunchScreen.storyboard */ = {
			isa = PBXVariantGroup;
			children = (
				9AB85A002968388F006073A4 /* Base */,
			);
			name = LaunchScreen.storyboard;
			sourceTree = "<group>";
		};
/* End PBXVariantGroup section */

/* Begin XCBuildConfiguration section */
		9AB85A052968388F006073A4 /* Debug */ = {
			isa = XCBuildConfiguration;
			buildSettings = {
				ALWAYS_SEARCH_USER_PATHS = NO;
				CLANG_ANALYZER_NONNULL = YES;
				CLANG_ANALYZER_NUMBER_OBJECT_CONVERSION = YES_AGGRESSIVE;
				CLANG_CXX_LANGUAGE_STANDARD = "gnu++17";
				CLANG_CXX_LIBRARY = "libc++";
				CLANG_ENABLE_MODULES = YES;
				CLANG_ENABLE_OBJC_ARC = YES;
				CLANG_ENABLE_OBJC_WEAK = YES;
				CLANG_WARN_BLOCK_CAPTURE_AUTORELEASING = YES;
				CLANG_WARN_BOOL_CONVERSION = YES;
				CLANG_WARN_COMMA = YES;
				CLANG_WARN_CONSTANT_CONVERSION = YES;
				CLANG_WARN_DEPRECATED_OBJC_IMPLEMENTATIONS = YES;
				CLANG_WARN_DIRECT_OBJC_ISA_USAGE = YES_ERROR;
				CLANG_WARN_DOCUMENTATION_COMMENTS = YES;
				CLANG_WARN_EMPTY_BODY = YES;
				CLANG_WARN_ENUM_CONVERSION = YES;
				CLANG_WARN_INFINITE_RECURSION = YES;
				CLANG_WARN_INT_CONVERSION = YES;
				CLANG_WARN_NON_LITERAL_NULL_CONVERSION = YES;
				CLANG_WARN_OBJC_IMPLICIT_RETAIN_SELF = YES;
				CLANG_WARN_OBJC_LITERAL_CONVERSION = YES;
				CLANG_WARN_OBJC_ROOT_CLASS = YES_ERROR;
				CLANG_WARN_QUOTED_INCLUDE_IN_FRAMEWORK_HEADER = YES;
				CLANG_WARN_RANGE_LOOP_ANALYSIS = YES;
				CLANG_WARN_STRICT_PROTOTYPES = YES;
				CLANG_WARN_SUSPICIOUS_MOVE = YES;
				CLANG_WARN_UNGUARDED_AVAILABILITY = YES_AGGRESSIVE;
				CLANG_WARN_UNREACHABLE_CODE = YES;
				CLANG_WARN__DUPLICATE_METHOD_MATCH = YES;
				COPY_PHASE_STRIP = NO;
				DEBUG_INFORMATION_FORMAT = dwarf;
				ENABLE_STRICT_OBJC_MSGSEND = YES;
				ENABLE_TESTABILITY = YES;
				GCC_C_LANGUAGE_STANDARD = gnu11;
				GCC_DYNAMIC_NO_PIC = NO;
				GCC_NO_COMMON_BLOCKS = YES;
				GCC_OPTIMIZATION_LEVEL = 0;
				GCC_PREPROCESSOR_DEFINITIONS = (
					"DEBUG=1",
					"$(inherited)",
				);
				GCC_WARN_64_TO_32_BIT_CONVERSION = YES;
				GCC_WARN_ABOUT_RETURN_TYPE = YES_ERROR;
				GCC_WARN_UNDECLARED_SELECTOR = YES;
				GCC_WARN_UNINITIALIZED_AUTOS = YES_AGGRESSIVE;
				GCC_WARN_UNUSED_FUNCTION = YES;
				GCC_WARN_UNUSED_VARIABLE = YES;
				IPHONEOS_DEPLOYMENT_TARGET = 15.0;
				MTL_ENABLE_DEBUG_INFO = INCLUDE_SOURCE;
				MTL_FAST_MATH = YES;
				ONLY_ACTIVE_ARCH = YES;
				SDKROOT = iphoneos;
			};
			name = Debug;
		};
		9AB85A062968388F006073A4 /* Release */ = {
			isa = XCBuildConfiguration;
			buildSettings = {
				ALWAYS_SEARCH_USER_PATHS = NO;
				CLANG_ANALYZER_NONNULL = YES;
				CLANG_ANALYZER_NUMBER_OBJECT_CONVERSION = YES_AGGRESSIVE;
				CLANG_CXX_LANGUAGE_STANDARD = "gnu++17";
				CLANG_CXX_LIBRARY = "libc++";
				CLANG_ENABLE_MODULES = YES;
				CLANG_ENABLE_OBJC_ARC = YES;
				CLANG_ENABLE_OBJC_WEAK = YES;
				CLANG_WARN_BLOCK_CAPTURE_AUTORELEASING = YES;
				CLANG_WARN_BOOL_CONVERSION = YES;
				CLANG_WARN_COMMA = YES;
				CLANG_WARN_CONSTANT_CONVERSION = YES;
				CLANG_WARN_DEPRECATED_OBJC_IMPLEMENTATIONS = YES;
				CLANG_WARN_DIRECT_OBJC_ISA_USAGE = YES_ERROR;
				CLANG_WARN_DOCUMENTATION_COMMENTS = YES;
				CLANG_WARN_EMPTY_BODY = YES;
				CLANG_WARN_ENUM_CONVERSION = YES;
				CLANG_WARN_INFINITE_RECURSION = YES;
				CLANG_WARN_INT_CONVERSION = YES;
				CLANG_WARN_NON_LITERAL_NULL_CONVERSION = YES;
				CLANG_WARN_OBJC_IMPLICIT_RETAIN_SELF = YES;
				CLANG_WARN_OBJC_LITERAL_CONVERSION = YES;
				CLANG_WARN_OBJC_ROOT_CLASS = YES_ERROR;
				CLANG_WARN_QUOTED_INCLUDE_IN_FRAMEWORK_HEADER = YES;
				CLANG_WARN_RANGE_LOOP_ANALYSIS = YES;
				CLANG_WARN_STRICT_PROTOTYPES = YES;
				CLANG_WARN_SUSPICIOUS_MOVE = YES;
				CLANG_WARN_UNGUARDED_AVAILABILITY = YES_AGGRESSIVE;
				CLANG_WARN_UNREACHABLE_CODE = YES;
				CLANG_WARN__DUPLICATE_METHOD_MATCH = YES;
				COPY_PHASE_STRIP = NO;
				DEBUG_INFORMATION_FORMAT = "dwarf-with-dsym";
				ENABLE_NS_ASSERTIONS = NO;
				ENABLE_STRICT_OBJC_MSGSEND = YES;
				GCC_C_LANGUAGE_STANDARD = gnu11;
				GCC_NO_COMMON_BLOCKS = YES;
				GCC_WARN_64_TO_32_BIT_CONVERSION = YES;
				GCC_WARN_ABOUT_RETURN_TYPE = YES_ERROR;
				GCC_WARN_UNDECLARED_SELECTOR = YES;
				GCC_WARN_UNINITIALIZED_AUTOS = YES_AGGRESSIVE;
				GCC_WARN_UNUSED_FUNCTION = YES;
				GCC_WARN_UNUSED_VARIABLE = YES;
				IPHONEOS_DEPLOYMENT_TARGET = 15.0;
				MTL_ENABLE_DEBUG_INFO = NO;
				MTL_FAST_MATH = YES;
				SDKROOT = iphoneos;
				VALIDATE_PRODUCT = YES;
			};
			name = Release;
		};
		9AB85A082968388F006073A4 /* Debug */ = {
			isa = XCBuildConfiguration;
			buildSettings = {
				ASSETCATALOG_COMPILER_APPICON_NAME = AppIcon;
				ASSETCATALOG_COMPILER_GLOBAL_ACCENT_COLOR_NAME = AccentColor;
				CODE_SIGN_STYLE = Automatic;
				CURRENT_PROJECT_VERSION = 1;
				GENERATE_INFOPLIST_FILE = YES;
				INFOPLIST_FILE = "nav + tab/Info.plist";
				INFOPLIST_KEY_UIApplicationSupportsIndirectInputEvents = YES;
				INFOPLIST_KEY_UILaunchStoryboardName = LaunchScreen;
				INFOPLIST_KEY_UIMainStoryboardFile = Main;
				INFOPLIST_KEY_UISupportedInterfaceOrientations_iPad = "UIInterfaceOrientationPortrait UIInterfaceOrientationPortraitUpsideDown UIInterfaceOrientationLandscapeLeft UIInterfaceOrientationLandscapeRight";
				INFOPLIST_KEY_UISupportedInterfaceOrientations_iPhone = "UIInterfaceOrientationPortrait UIInterfaceOrientationLandscapeLeft UIInterfaceOrientationLandscapeRight";
				LD_RUNPATH_SEARCH_PATHS = (
					"$(inherited)",
					"@executable_path/Frameworks",
				);
				MARKETING_VERSION = 1.0;
				PRODUCT_BUNDLE_IDENTIFIER = "com.rajanpanchal.nav---tab";
				PRODUCT_NAME = "$(TARGET_NAME)";
				SWIFT_EMIT_LOC_STRINGS = YES;
				TARGETED_DEVICE_FAMILY = "1,2";
			};
			name = Debug;
		};
		9AB85A092968388F006073A4 /* Release */ = {
			isa = XCBuildConfiguration;
			buildSettings = {
				ASSETCATALOG_COMPILER_APPICON_NAME = AppIcon;
				ASSETCATALOG_COMPILER_GLOBAL_ACCENT_COLOR_NAME = AccentColor;
				CODE_SIGN_STYLE = Automatic;
				CURRENT_PROJECT_VERSION = 1;
				GENERATE_INFOPLIST_FILE = YES;
				INFOPLIST_FILE = "nav + tab/Info.plist";
				INFOPLIST_KEY_UIApplicationSupportsIndirectInputEvents = YES;
				INFOPLIST_KEY_UILaunchStoryboardName = LaunchScreen;
				INFOPLIST_KEY_UIMainStoryboardFile = Main;
				INFOPLIST_KEY_UISupportedInterfaceOrientations_iPad = "UIInterfaceOrientationPortrait UIInterfaceOrientationPortraitUpsideDown UIInterfaceOrientationLandscapeLeft UIInterfaceOrientationLandscapeRight";
				INFOPLIST_KEY_UISupportedInterfaceOrientations_iPhone = "UIInterfaceOrientationPortrait UIInterfaceOrientationLandscapeLeft UIInterfaceOrientationLandscapeRight";
				LD_RUNPATH_SEARCH_PATHS = (
					"$(inherited)",
					"@executable_path/Frameworks",
				);
				MARKETING_VERSION = 1.0;
				PRODUCT_BUNDLE_IDENTIFIER = "com.rajanpanchal.nav---tab";
				PRODUCT_NAME = "$(TARGET_NAME)";
				SWIFT_EMIT_LOC_STRINGS = YES;
				TARGETED_DEVICE_FAMILY = "1,2";
			};
			name = Release;
		};
/* End XCBuildConfiguration section */

/* Begin XCConfigurationList section */
		9AB859E92968388E006073A4 /* Build configuration list for PBXProject "nav + tab" */ = {
			isa = XCConfigurationList;
			buildConfigurations = (
				9AB85A052968388F006073A4 /* Debug */,
				9AB85A062968388F006073A4 /* Release */,
			);
			defaultConfigurationIsVisible = 0;
			defaultConfigurationName = Release;
		};
		9AB85A072968388F006073A4 /* Build configuration list for PBXNativeTarget "nav + tab" */ = {
			isa = XCConfigurationList;
			buildConfigurations = (
				9AB85A082968388F006073A4 /* Debug */,
				9AB85A092968388F006073A4 /* Release */,
			);
			defaultConfigurationIsVisible = 0;
			defaultConfigurationName = Release;
		};
/* End XCConfigurationList section */
	};
	rootObject = 9AB859E62968388E006073A4 /* Project object */;
}
